{
  "name": "npm.git",
  "version": "1.0.0",
  "lockfileVersion": 1,
  "requires": true,
  "dependencies": {
    "make-css": {
      "version": "1.0.3",
      "resolved": "https://registry.npmjs.org/make-css/-/make-css-1.0.3.tgz",
      "integrity": "sha512-Int5M7W4cMRBV3pHsU/WOULFZrqis2v8xpaqhd18QvrLUy1iUozPw3gapjbgC2JbV99DFCEBC7BKiR6DTPGYYQ=="
    }
  }
}
