# THIS IS AN AUTOGENERATED FILE. DO NOT EDIT THIS FILE DIRECTLY.
# yarn lockfile v1


commander@^7.1.0:
  version "7.1.0"
  resolved "https://registry.yarnpkg.com/commander/-/commander-7.1.0.tgz#f2eaecf131f10e36e07d894698226e36ae0eb5ff"
  integrity sha512-pRxBna3MJe6HKnBGsDyMv8ETbptw3axEdYHoqNh7gu5oDcew8fs0xnivZGm06Ogk8zGAJ9VX+OPEr2GXEQK4dg==

make-css@^1.0.0:
  version "1.0.1"
  resolved "https://registry.yarnpkg.com/make-css/-/make-css-1.0.1.tgz#711f3a33a2542ef38825d5ddf68187fdd3167ea1"
  integrity sha512-LG/bSkReTA5DruUT7TOnpZWa6pJAMSrF1aydUbubnyEtJ03KU4a1T1AsrF5Rpmwm3H4JI3Hyl9ZJIDwp49Ry5Q==
